// !$*UTF8*$!
{
	archiveVersion = 1;
	classes = {
	};
	objectVersion = 46;
	objects = {

/* Begin PBXBuildFile section */
		9521B7011EB806FC0091CCB5 /* BrandViewController.swift in Sources */ = {isa = PBXBuildFile; fileRef = 9521B7001EB806FC0091CCB5 /* BrandViewController.swift */; };
		9521B7031EB80C070091CCB5 /* ProductViewController.swift in Sources */ = {isa = PBXBuildFile; fileRef = 9521B7021EB80C070091CCB5 /* ProductViewController.swift */; };
		952D07011EB95A5800D050D4 /* HomeNavigationController.swift in Sources */ = {isa = PBXBuildFile; fileRef = 952D07001EB95A5800D050D4 /* HomeNavigationController.swift */; };
		957006531EC82F680030B856 /* spliffin.png in Resources */ = {isa = PBXBuildFile; fileRef = 957006521EC82F680030B856 /* spliffin.png */; };
		9573791D1EB265E4001F924C /* AppDelegate.swift in Sources */ = {isa = PBXBuildFile; fileRef = 9573791C1EB265E4001F924C /* AppDelegate.swift */; };
		9573791F1EB265E4001F924C /* ViewController.swift in Sources */ = {isa = PBXBuildFile; fileRef = 9573791E1EB265E4001F924C /* ViewController.swift */; };
		957379221EB265E4001F924C /* Main.storyboard in Resources */ = {isa = PBXBuildFile; fileRef = 957379201EB265E4001F924C /* Main.storyboard */; };
		957379241EB265E4001F924C /* Assets.xcassets in Resources */ = {isa = PBXBuildFile; fileRef = 957379231EB265E4001F924C /* Assets.xcassets */; };
		957379271EB265E4001F924C /* LaunchScreen.storyboard in Resources */ = {isa = PBXBuildFile; fileRef = 957379251EB265E4001F924C /* LaunchScreen.storyboard */; };
		957379321EB265E4001F924C /* HerbifyTests.swift in Sources */ = {isa = PBXBuildFile; fileRef = 957379311EB265E4001F924C /* HerbifyTests.swift */; };
		9573793D1EB265E4001F924C /* HerbifyUITests.swift in Sources */ = {isa = PBXBuildFile; fileRef = 9573793C1EB265E4001F924C /* HerbifyUITests.swift */; };
		9588ECD51EC8F9CB00AD194A /* cheebachewlogo.png in Resources */ = {isa = PBXBuildFile; fileRef = 9588ECD41EC8F9CB00AD194A /* cheebachewlogo.png */; };
		95A4402F1ECA8E4800E218B6 /* jetty_logo.jpg in Resources */ = {isa = PBXBuildFile; fileRef = 95A4402E1ECA8E4800E218B6 /* jetty_logo.jpg */; };
		95A440331ECA93F000E218B6 /* cheebachewnew.png in Resources */ = {isa = PBXBuildFile; fileRef = 95A440321ECA93F000E218B6 /* cheebachewnew.png */; };
		95A88FC41EB2787300367396 /* logo.png in Resources */ = {isa = PBXBuildFile; fileRef = 95A88FC31EB2787300367396 /* logo.png */; };
		95A88FC61EB2787800367396 /* logo@2x.png in Resources */ = {isa = PBXBuildFile; fileRef = 95A88FC51EB2787800367396 /* logo@2x.png */; };
		95A88FC81EB2787C00367396 /* logo@3x.png in Resources */ = {isa = PBXBuildFile; fileRef = 95A88FC71EB2787C00367396 /* logo@3x.png */; };
		95C3CC811EC79D5B0045E503 /* presidentialrx.png in Resources */ = {isa = PBXBuildFile; fileRef = 95C3CC801EC79D5B0045E503 /* presidentialrx.png */; };
		95C3CC851EC7C48A0045E503 /* presidentiallogobw.png in Resources */ = {isa = PBXBuildFile; fileRef = 95C3CC841EC7C48A0045E503 /* presidentiallogobw.png */; };
		95C3CC871EC7D1DD0045E503 /* kurvanalogo.png in Resources */ = {isa = PBXBuildFile; fileRef = 95C3CC861EC7D1DD0045E503 /* kurvanalogo.png */; };
		95C3CC8B1EC7D35E0045E503 /* sensichewlogobw.png in Resources */ = {isa = PBXBuildFile; fileRef = 95C3CC8A1EC7D35E0045E503 /* sensichewlogobw.png */; };
		95F3800F1EB5727400E87025 /* CategoryViewController.swift in Sources */ = {isa = PBXBuildFile; fileRef = 95F3800E1EB5727400E87025 /* CategoryViewController.swift */; };
		95F941491EC2E9AF00A6CA80 /* locations.rtf in Resources */ = {isa = PBXBuildFile; fileRef = 95F941481EC2E9AF00A6CA80 /* locations.rtf */; };
/* End PBXBuildFile section */

/* Begin PBXContainerItemProxy section */
		9573792E1EB265E4001F924C /* PBXContainerItemProxy */ = {
			isa = PBXContainerItemProxy;
			containerPortal = 957379111EB265E4001F924C /* Project object */;
			proxyType = 1;
			remoteGlobalIDString = 957379181EB265E4001F924C;
			remoteInfo = Herbify;
		};
		957379391EB265E4001F924C /* PBXContainerItemProxy */ = {
			isa = PBXContainerItemProxy;
			containerPortal = 957379111EB265E4001F924C /* Project object */;
			proxyType = 1;
			remoteGlobalIDString = 957379181EB265E4001F924C;
			remoteInfo = Herbify;
		};
/* End PBXContainerItemProxy section */

/* Begin PBXFileReference section */
		9521B7001EB806FC0091CCB5 /* BrandViewController.swift */ = {isa = PBXFileReference; fileEncoding = 4; lastKnownFileType = sourcecode.swift; path = BrandViewController.swift; sourceTree = "<group>"; };
		9521B7021EB80C070091CCB5 /* ProductViewController.swift */ = {isa = PBXFileReference; fileEncoding = 4; lastKnownFileType = sourcecode.swift; path = ProductViewController.swift; sourceTree = "<group>"; };
		952D07001EB95A5800D050D4 /* HomeNavigationController.swift */ = {isa = PBXFileReference; fileEncoding = 4; lastKnownFileType = sourcecode.swift; path = HomeNavigationController.swift; sourceTree = "<group>"; };
		957006521EC82F680030B856 /* spliffin.png */ = {isa = PBXFileReference; lastKnownFileType = image.png; path = spliffin.png; sourceTree = "<group>"; };
		957379191EB265E4001F924C /* Herbify.app */ = {isa = PBXFileReference; explicitFileType = wrapper.application; includeInIndex = 0; path = Herbify.app; sourceTree = BUILT_PRODUCTS_DIR; };
		9573791C1EB265E4001F924C /* AppDelegate.swift */ = {isa = PBXFileReference; lastKnownFileType = sourcecode.swift; path = AppDelegate.swift; sourceTree = "<group>"; };
		9573791E1EB265E4001F924C /* ViewController.swift */ = {isa = PBXFileReference; lastKnownFileType = sourcecode.swift; path = ViewController.swift; sourceTree = "<group>"; };
		957379211EB265E4001F924C /* Base */ = {isa = PBXFileReference; lastKnownFileType = file.storyboard; name = Base; path = Base.lproj/Main.storyboard; sourceTree = "<group>"; };
		957379231EB265E4001F924C /* Assets.xcassets */ = {isa = PBXFileReference; lastKnownFileType = folder.assetcatalog; path = Assets.xcassets; sourceTree = "<group>"; };
		957379261EB265E4001F924C /* Base */ = {isa = PBXFileReference; lastKnownFileType = file.storyboard; name = Base; path = Base.lproj/LaunchScreen.storyboard; sourceTree = "<group>"; };
		957379281EB265E4001F924C /* Info.plist */ = {isa = PBXFileReference; lastKnownFileType = text.plist.xml; path = Info.plist; sourceTree = "<group>"; };
		9573792D1EB265E4001F924C /* HerbifyTests.xctest */ = {isa = PBXFileReference; explicitFileType = wrapper.cfbundle; includeInIndex = 0; path = HerbifyTests.xctest; sourceTree = BUILT_PRODUCTS_DIR; };
		957379311EB265E4001F924C /* HerbifyTests.swift */ = {isa = PBXFileReference; lastKnownFileType = sourcecode.swift; path = HerbifyTests.swift; sourceTree = "<group>"; };
		957379331EB265E4001F924C /* Info.plist */ = {isa = PBXFileReference; lastKnownFileType = text.plist.xml; path = Info.plist; sourceTree = "<group>"; };
		957379381EB265E4001F924C /* HerbifyUITests.xctest */ = {isa = PBXFileReference; explicitFileType = wrapper.cfbundle; includeInIndex = 0; path = HerbifyUITests.xctest; sourceTree = BUILT_PRODUCTS_DIR; };
		9573793C1EB265E4001F924C /* HerbifyUITests.swift */ = {isa = PBXFileReference; lastKnownFileType = sourcecode.swift; path = HerbifyUITests.swift; sourceTree = "<group>"; };
		9573793E1EB265E4001F924C /* Info.plist */ = {isa = PBXFileReference; lastKnownFileType = text.plist.xml; path = Info.plist; sourceTree = "<group>"; };
		9588ECD41EC8F9CB00AD194A /* cheebachewlogo.png */ = {isa = PBXFileReference; lastKnownFileType = image.png; path = cheebachewlogo.png; sourceTree = "<group>"; };
		95A4402E1ECA8E4800E218B6 /* jetty_logo.jpg */ = {isa = PBXFileReference; lastKnownFileType = image.jpeg; path = jetty_logo.jpg; sourceTree = "<group>"; };
		95A440321ECA93F000E218B6 /* cheebachewnew.png */ = {isa = PBXFileReference; lastKnownFileType = image.png; path = cheebachewnew.png; sourceTree = "<group>"; };
		95A88FC31EB2787300367396 /* logo.png */ = {isa = PBXFileReference; lastKnownFileType = image.png; name = logo.png; path = Assets.xcassets/logo.png; sourceTree = "<group>"; };
		95A88FC51EB2787800367396 /* logo@2x.png */ = {isa = PBXFileReference; lastKnownFileType = image.png; name = "logo@2x.png"; path = "Assets.xcassets/logo@2x.png"; sourceTree = "<group>"; };
		95A88FC71EB2787C00367396 /* logo@3x.png */ = {isa = PBXFileReference; lastKnownFileType = image.png; name = "logo@3x.png"; path = "Assets.xcassets/logo@3x.png"; sourceTree = "<group>"; };
		95C3CC801EC79D5B0045E503 /* presidentialrx.png */ = {isa = PBXFileReference; lastKnownFileType = image.png; path = presidentialrx.png; sourceTree = "<group>"; };
		95C3CC841EC7C48A0045E503 /* presidentiallogobw.png */ = {isa = PBXFileReference; lastKnownFileType = image.png; path = presidentiallogobw.png; sourceTree = "<group>"; };
		95C3CC861EC7D1DD0045E503 /* kurvanalogo.png */ = {isa = PBXFileReference; lastKnownFileType = image.png; path = kurvanalogo.png; sourceTree = "<group>"; };
		95C3CC8A1EC7D35E0045E503 /* sensichewlogobw.png */ = {isa = PBXFileReference; lastKnownFileType = image.png; path = sensichewlogobw.png; sourceTree = "<group>"; };
		95F3800E1EB5727400E87025 /* CategoryViewController.swift */ = {isa = PBXFileReference; fileEncoding = 4; lastKnownFileType = sourcecode.swift; path = CategoryViewController.swift; sourceTree = "<group>"; };
		95F941481EC2E9AF00A6CA80 /* locations.rtf */ = {isa = PBXFileReference; fileEncoding = 4; lastKnownFileType = text.rtf; name = locations.rtf; path = Herbify/Resources/locations.rtf; sourceTree = "<group>"; };
/* End PBXFileReference section */

/* Begin PBXFrameworksBuildPhase section */
		957379161EB265E4001F924C /* Frameworks */ = {
			isa = PBXFrameworksBuildPhase;
			buildActionMask = 2147483647;
			files = (
			);
			runOnlyForDeploymentPostprocessing = 0;
		};
		9573792A1EB265E4001F924C /* Frameworks */ = {
			isa = PBXFrameworksBuildPhase;
			buildActionMask = 2147483647;
			files = (
			);
			runOnlyForDeploymentPostprocessing = 0;
		};
		957379351EB265E4001F924C /* Frameworks */ = {
			isa = PBXFrameworksBuildPhase;
			buildActionMask = 2147483647;
			files = (
			);
			runOnlyForDeploymentPostprocessing = 0;
		};
/* End PBXFrameworksBuildPhase section */

/* Begin PBXGroup section */
		957379101EB265E4001F924C = {
			isa = PBXGroup;
			children = (
				95F941481EC2E9AF00A6CA80 /* locations.rtf */,
				9573791B1EB265E4001F924C /* Herbify */,
				957379301EB265E4001F924C /* HerbifyTests */,
				9573793B1EB265E4001F924C /* HerbifyUITests */,
				9573791A1EB265E4001F924C /* Products */,
			);
			sourceTree = "<group>";
		};
		9573791A1EB265E4001F924C /* Products */ = {
			isa = PBXGroup;
			children = (
				957379191EB265E4001F924C /* Herbify.app */,
				9573792D1EB265E4001F924C /* HerbifyTests.xctest */,
				957379381EB265E4001F924C /* HerbifyUITests.xctest */,
			);
			name = Products;
			sourceTree = "<group>";
		};
		9573791B1EB265E4001F924C /* Herbify */ = {
			isa = PBXGroup;
			children = (
				952D07001EB95A5800D050D4 /* HomeNavigationController.swift */,
				9521B7001EB806FC0091CCB5 /* BrandViewController.swift */,
				9521B7021EB80C070091CCB5 /* ProductViewController.swift */,
				95F3800E1EB5727400E87025 /* CategoryViewController.swift */,
				9573791C1EB265E4001F924C /* AppDelegate.swift */,
				9573791E1EB265E4001F924C /* ViewController.swift */,
				957379201EB265E4001F924C /* Main.storyboard */,
				957379231EB265E4001F924C /* Assets.xcassets */,
				95A88FC91EB279E400367396 /* images */,
				957379251EB265E4001F924C /* LaunchScreen.storyboard */,
				957379281EB265E4001F924C /* Info.plist */,
			);
			path = Herbify;
			sourceTree = "<group>";
		};
		957379301EB265E4001F924C /* HerbifyTests */ = {
			isa = PBXGroup;
			children = (
				957379311EB265E4001F924C /* HerbifyTests.swift */,
				957379331EB265E4001F924C /* Info.plist */,
			);
			path = HerbifyTests;
			sourceTree = "<group>";
		};
		9573793B1EB265E4001F924C /* HerbifyUITests */ = {
			isa = PBXGroup;
			children = (
				9573793C1EB265E4001F924C /* HerbifyUITests.swift */,
				9573793E1EB265E4001F924C /* Info.plist */,
			);
			path = HerbifyUITests;
			sourceTree = "<group>";
		};
		95A88FC91EB279E400367396 /* images */ = {
			isa = PBXGroup;
			children = (
				95A440321ECA93F000E218B6 /* cheebachewnew.png */,
				95A4402E1ECA8E4800E218B6 /* jetty_logo.jpg */,
				9588ECD41EC8F9CB00AD194A /* cheebachewlogo.png */,
				957006521EC82F680030B856 /* spliffin.png */,
				95C3CC8A1EC7D35E0045E503 /* sensichewlogobw.png */,
				95C3CC861EC7D1DD0045E503 /* kurvanalogo.png */,
				95C3CC801EC79D5B0045E503 /* presidentialrx.png */,
				95C3CC841EC7C48A0045E503 /* presidentiallogobw.png */,
				95A88FC31EB2787300367396 /* logo.png */,
				95A88FC51EB2787800367396 /* logo@2x.png */,
				95A88FC71EB2787C00367396 /* logo@3x.png */,
			);
			name = images;
			sourceTree = "<group>";
		};
/* End PBXGroup section */

/* Begin PBXNativeTarget section */
		957379181EB265E4001F924C /* Herbify */ = {
			isa = PBXNativeTarget;
			buildConfigurationList = 957379411EB265E4001F924C /* Build configuration list for PBXNativeTarget "Herbify" */;
			buildPhases = (
				957379151EB265E4001F924C /* Sources */,
				957379161EB265E4001F924C /* Frameworks */,
				957379171EB265E4001F924C /* Resources */,
			);
			buildRules = (
			);
			dependencies = (
			);
			name = Herbify;
			productName = Herbify;
			productReference = 957379191EB265E4001F924C /* Herbify.app */;
			productType = "com.apple.product-type.application";
		};
		9573792C1EB265E4001F924C /* HerbifyTests */ = {
			isa = PBXNativeTarget;
			buildConfigurationList = 957379441EB265E4001F924C /* Build configuration list for PBXNativeTarget "HerbifyTests" */;
			buildPhases = (
				957379291EB265E4001F924C /* Sources */,
				9573792A1EB265E4001F924C /* Frameworks */,
				9573792B1EB265E4001F924C /* Resources */,
			);
			buildRules = (
			);
			dependencies = (
				9573792F1EB265E4001F924C /* PBXTargetDependency */,
			);
			name = HerbifyTests;
			productName = HerbifyTests;
			productReference = 9573792D1EB265E4001F924C /* HerbifyTests.xctest */;
			productType = "com.apple.product-type.bundle.unit-test";
		};
		957379371EB265E4001F924C /* HerbifyUITests */ = {
			isa = PBXNativeTarget;
			buildConfigurationList = 957379471EB265E4001F924C /* Build configuration list for PBXNativeTarget "HerbifyUITests" */;
			buildPhases = (
				957379341EB265E4001F924C /* Sources */,
				957379351EB265E4001F924C /* Frameworks */,
				957379361EB265E4001F924C /* Resources */,
			);
			buildRules = (
			);
			dependencies = (
				9573793A1EB265E4001F924C /* PBXTargetDependency */,
			);
			name = HerbifyUITests;
			productName = HerbifyUITests;
			productReference = 957379381EB265E4001F924C /* HerbifyUITests.xctest */;
			productType = "com.apple.product-type.bundle.ui-testing";
		};
/* End PBXNativeTarget section */

/* Begin PBXProject section */
		957379111EB265E4001F924C /* Project object */ = {
			isa = PBXProject;
			attributes = {
				LastSwiftUpdateCheck = 0830;
				LastUpgradeCheck = 0830;
				ORGANIZATIONNAME = "Mikal Callahan";
				TargetAttributes = {
					957379181EB265E4001F924C = {
						CreatedOnToolsVersion = 8.3.2;
						DevelopmentTeam = SHL73KQJH6;
						ProvisioningStyle = Automatic;
					};
					9573792C1EB265E4001F924C = {
						CreatedOnToolsVersion = 8.3.2;
						DevelopmentTeam = SHL73KQJH6;
						ProvisioningStyle = Automatic;
						TestTargetID = 957379181EB265E4001F924C;
					};
					957379371EB265E4001F924C = {
						CreatedOnToolsVersion = 8.3.2;
						DevelopmentTeam = SHL73KQJH6;
						ProvisioningStyle = Automatic;
						TestTargetID = 957379181EB265E4001F924C;
					};
				};
			};
			buildConfigurationList = 957379141EB265E4001F924C /* Build configuration list for PBXProject "Herbify" */;
			compatibilityVersion = "Xcode 3.2";
			developmentRegion = English;
			hasScannedForEncodings = 0;
			knownRegions = (
				en,
				Base,
			);
			mainGroup = 957379101EB265E4001F924C;
			productRefGroup = 9573791A1EB265E4001F924C /* Products */;
			projectDirPath = "";
			projectRoot = "";
			targets = (
				957379181EB265E4001F924C /* Herbify */,
				9573792C1EB265E4001F924C /* HerbifyTests */,
				957379371EB265E4001F924C /* HerbifyUITests */,
			);
		};
/* End PBXProject section */

/* Begin PBXResourcesBuildPhase section */
		957379171EB265E4001F924C /* Resources */ = {
			isa = PBXResourcesBuildPhase;
			buildActionMask = 2147483647;
			files = (
				95A88FC61EB2787800367396 /* logo@2x.png in Resources */,
				95A4402F1ECA8E4800E218B6 /* jetty_logo.jpg in Resources */,
				95A88FC41EB2787300367396 /* logo.png in Resources */,
				957379271EB265E4001F924C /* LaunchScreen.storyboard in Resources */,
				95C3CC851EC7C48A0045E503 /* presidentiallogobw.png in Resources */,
				95C3CC811EC79D5B0045E503 /* presidentialrx.png in Resources */,
				9588ECD51EC8F9CB00AD194A /* cheebachewlogo.png in Resources */,
				957379241EB265E4001F924C /* Assets.xcassets in Resources */,
				95F941491EC2E9AF00A6CA80 /* locations.rtf in Resources */,
				95C3CC871EC7D1DD0045E503 /* kurvanalogo.png in Resources */,
				95C3CC8B1EC7D35E0045E503 /* sensichewlogobw.png in Resources */,
				95A88FC81EB2787C00367396 /* logo@3x.png in Resources */,
				957006531EC82F680030B856 /* spliffin.png in Resources */,
				957379221EB265E4001F924C /* Main.storyboard in Resources */,
				95A440331ECA93F000E218B6 /* cheebachewnew.png in Resources */,
			);
			runOnlyForDeploymentPostprocessing = 0;
		};
		9573792B1EB265E4001F924C /* Resources */ = {
			isa = PBXResourcesBuildPhase;
			buildActionMask = 2147483647;
			files = (
			);
			runOnlyForDeploymentPostprocessing = 0;
		};
		957379361EB265E4001F924C /* Resources */ = {
			isa = PBXResourcesBuildPhase;
			buildActionMask = 2147483647;
			files = (
			);
			runOnlyForDeploymentPostprocessing = 0;
		};
/* End PBXResourcesBuildPhase section */

/* Begin PBXSourcesBuildPhase section */
		957379151EB265E4001F924C /* Sources */ = {
			isa = PBXSourcesBuildPhase;
			buildActionMask = 2147483647;
			files = (
				9573791F1EB265E4001F924C /* ViewController.swift in Sources */,
				95F3800F1EB5727400E87025 /* CategoryViewController.swift in Sources */,
				9521B7011EB806FC0091CCB5 /* BrandViewController.swift in Sources */,
				9521B7031EB80C070091CCB5 /* ProductViewController.swift in Sources */,
				952D07011EB95A5800D050D4 /* HomeNavigationController.swift in Sources */,
				9573791D1EB265E4001F924C /* AppDelegate.swift in Sources */,
			);
			runOnlyForDeploymentPostprocessing = 0;
		};
		957379291EB265E4001F924C /* Sources */ = {
			isa = PBXSourcesBuildPhase;
			buildActionMask = 2147483647;
			files = (
				957379321EB265E4001F924C /* HerbifyTests.swift in Sources */,
			);
			runOnlyForDeploymentPostprocessing = 0;
		};
		957379341EB265E4001F924C /* Sources */ = {
			isa = PBXSourcesBuildPhase;
			buildActionMask = 2147483647;
			files = (
				9573793D1EB265E4001F924C /* HerbifyUITests.swift in Sources */,
			);
			runOnlyForDeploymentPostprocessing = 0;
		};
/* End PBXSourcesBuildPhase section */

/* Begin PBXTargetDependency section */
		9573792F1EB265E4001F924C /* PBXTargetDependency */ = {
			isa = PBXTargetDependency;
			target = 957379181EB265E4001F924C /* Herbify */;
			targetProxy = 9573792E1EB265E4001F924C /* PBXContainerItemProxy */;
		};
		9573793A1EB265E4001F924C /* PBXTargetDependency */ = {
			isa = PBXTargetDependency;
			target = 957379181EB265E4001F924C /* Herbify */;
			targetProxy = 957379391EB265E4001F924C /* PBXContainerItemProxy */;
		};
/* End PBXTargetDependency section */

/* Begin PBXVariantGroup section */
		957379201EB265E4001F924C /* Main.storyboard */ = {
			isa = PBXVariantGroup;
			children = (
				957379211EB265E4001F924C /* Base */,
			);
			name = Main.storyboard;
			sourceTree = "<group>";
		};
		957379251EB265E4001F924C /* LaunchScreen.storyboard */ = {
			isa = PBXVariantGroup;
			children = (
				957379261EB265E4001F924C /* Base */,
			);
			name = LaunchScreen.storyboard;
			sourceTree = "<group>";
		};
/* End PBXVariantGroup section */

/* Begin XCBuildConfiguration section */
		9573793F1EB265E4001F924C /* Debug */ = {
			isa = XCBuildConfiguration;
			buildSettings = {
				ALWAYS_SEARCH_USER_PATHS = NO;
				CLANG_ANALYZER_NONNULL = YES;
				CLANG_ANALYZER_NUMBER_OBJECT_CONVERSION = YES_AGGRESSIVE;
				CLANG_CXX_LANGUAGE_STANDARD = "gnu++0x";
				CLANG_CXX_LIBRARY = "libc++";
				CLANG_ENABLE_MODULES = YES;
				CLANG_ENABLE_OBJC_ARC = YES;
				CLANG_WARN_BOOL_CONVERSION = YES;
				CLANG_WARN_CONSTANT_CONVERSION = YES;
				CLANG_WARN_DIRECT_OBJC_ISA_USAGE = YES_ERROR;
				CLANG_WARN_DOCUMENTATION_COMMENTS = YES;
				CLANG_WARN_EMPTY_BODY = YES;
				CLANG_WARN_ENUM_CONVERSION = YES;
				CLANG_WARN_INFINITE_RECURSION = YES;
				CLANG_WARN_INT_CONVERSION = YES;
				CLANG_WARN_OBJC_ROOT_CLASS = YES_ERROR;
				CLANG_WARN_SUSPICIOUS_MOVE = YES;
				CLANG_WARN_UNREACHABLE_CODE = YES;
				CLANG_WARN__DUPLICATE_METHOD_MATCH = YES;
				"CODE_SIGN_IDENTITY[sdk=iphoneos*]" = "iPhone Developer";
				COPY_PHASE_STRIP = NO;
				DEBUG_INFORMATION_FORMAT = dwarf;
				ENABLE_STRICT_OBJC_MSGSEND = YES;
				ENABLE_TESTABILITY = YES;
				GCC_C_LANGUAGE_STANDARD = gnu99;
				GCC_DYNAMIC_NO_PIC = NO;
				GCC_NO_COMMON_BLOCKS = YES;
				GCC_OPTIMIZATION_LEVEL = 0;
				GCC_PREPROCESSOR_DEFINITIONS = (
					"DEBUG=1",
					"$(inherited)",
				);
				GCC_WARN_64_TO_32_BIT_CONVERSION = YES;
				GCC_WARN_ABOUT_RETURN_TYPE = YES_ERROR;
				GCC_WARN_UNDECLARED_SELECTOR = YES;
				GCC_WARN_UNINITIALIZED_AUTOS = YES_AGGRESSIVE;
				GCC_WARN_UNUSED_FUNCTION = YES;
				GCC_WARN_UNUSED_VARIABLE = YES;
				IPHONEOS_DEPLOYMENT_TARGET = 10.3;
				MTL_ENABLE_DEBUG_INFO = YES;
				ONLY_ACTIVE_ARCH = YES;
				SDKROOT = iphoneos;
				SWIFT_ACTIVE_COMPILATION_CONDITIONS = DEBUG;
				SWIFT_OPTIMIZATION_LEVEL = "-Onone";
				TARGETED_DEVICE_FAMILY = "1,2";
			};
			name = Debug;
		};
		957379401EB265E4001F924C /* Release */ = {
			isa = XCBuildConfiguration;
			buildSettings = {
				ALWAYS_SEARCH_USER_PATHS = NO;
				CLANG_ANALYZER_NONNULL = YES;
				CLANG_ANALYZER_NUMBER_OBJECT_CONVERSION = YES_AGGRESSIVE;
				CLANG_CXX_LANGUAGE_STANDARD = "gnu++0x";
				CLANG_CXX_LIBRARY = "libc++";
				CLANG_ENABLE_MODULES = YES;
				CLANG_ENABLE_OBJC_ARC = YES;
				CLANG_WARN_BOOL_CONVERSION = YES;
				CLANG_WARN_CONSTANT_CONVERSION = YES;
				CLANG_WARN_DIRECT_OBJC_ISA_USAGE = YES_ERROR;
				CLANG_WARN_DOCUMENTATION_COMMENTS = YES;
				CLANG_WARN_EMPTY_BODY = YES;
				CLANG_WARN_ENUM_CONVERSION = YES;
				CLANG_WARN_INFINITE_RECURSION = YES;
				CLANG_WARN_INT_CONVERSION = YES;
				CLANG_WARN_OBJC_ROOT_CLASS = YES_ERROR;
				CLANG_WARN_SUSPICIOUS_MOVE = YES;
				CLANG_WARN_UNREACHABLE_CODE = YES;
				CLANG_WARN__DUPLICATE_METHOD_MATCH = YES;
				"CODE_SIGN_IDENTITY[sdk=iphoneos*]" = "iPhone Developer";
				COPY_PHASE_STRIP = NO;
				DEBUG_INFORMATION_FORMAT = "dwarf-with-dsym";
				ENABLE_NS_ASSERTIONS = NO;
				ENABLE_STRICT_OBJC_MSGSEND = YES;
				GCC_C_LANGUAGE_STANDARD = gnu99;
				GCC_NO_COMMON_BLOCKS = YES;
				GCC_WARN_64_TO_32_BIT_CONVERSION = YES;
				GCC_WARN_ABOUT_RETURN_TYPE = YES_ERROR;
				GCC_WARN_UNDECLARED_SELECTOR = YES;
				GCC_WARN_UNINITIALIZED_AUTOS = YES_AGGRESSIVE;
				GCC_WARN_UNUSED_FUNCTION = YES;
				GCC_WARN_UNUSED_VARIABLE = YES;
				IPHONEOS_DEPLOYMENT_TARGET = 10.3;
				MTL_ENABLE_DEBUG_INFO = NO;
				SDKROOT = iphoneos;
				SWIFT_OPTIMIZATION_LEVEL = "-Owholemodule";
				TARGETED_DEVICE_FAMILY = "1,2";
				VALIDATE_PRODUCT = YES;
			};
			name = Release;
		};
		957379421EB265E4001F924C /* Debug */ = {
			isa = XCBuildConfiguration;
			buildSettings = {
				ASSETCATALOG_COMPILER_APPICON_NAME = AppIcon;
				DEVELOPMENT_TEAM = SHL73KQJH6;
				INFOPLIST_FILE = Herbify/Info.plist;
				LD_RUNPATH_SEARCH_PATHS = "$(inherited) @executable_path/Frameworks";
				PRODUCT_BUNDLE_IDENTIFIER = com.mikal.Herbify;
				PRODUCT_NAME = "$(TARGET_NAME)";
				SWIFT_VERSION = 3.0;
			};
			name = Debug;
		};
		957379431EB265E4001F924C /* Release */ = {
			isa = XCBuildConfiguration;
			buildSettings = {
				ASSETCATALOG_COMPILER_APPICON_NAME = AppIcon;
				DEVELOPMENT_TEAM = SHL73KQJH6;
				INFOPLIST_FILE = Herbify/Info.plist;
				LD_RUNPATH_SEARCH_PATHS = "$(inherited) @executable_path/Frameworks";
				PRODUCT_BUNDLE_IDENTIFIER = com.mikal.Herbify;
				PRODUCT_NAME = "$(TARGET_NAME)";
				SWIFT_VERSION = 3.0;
			};
			name = Release;
		};
		957379451EB265E4001F924C /* Debug */ = {
			isa = XCBuildConfiguration;
			buildSettings = {
				ALWAYS_EMBED_SWIFT_STANDARD_LIBRARIES = YES;
				BUNDLE_LOADER = "$(TEST_HOST)";
				DEVELOPMENT_TEAM = SHL73KQJH6;
				INFOPLIST_FILE = HerbifyTests/Info.plist;
				LD_RUNPATH_SEARCH_PATHS = "$(inherited) @executable_path/Frameworks @loader_path/Frameworks";
				PRODUCT_BUNDLE_IDENTIFIER = com.mikal.HerbifyTests;
				PRODUCT_NAME = "$(TARGET_NAME)";
				SWIFT_VERSION = 3.0;
				TEST_HOST = "$(BUILT_PRODUCTS_DIR)/Herbify.app/Herbify";
			};
			name = Debug;
		};
		957379461EB265E4001F924C /* Release */ = {
			isa = XCBuildConfiguration;
			buildSettings = {
				ALWAYS_EMBED_SWIFT_STANDARD_LIBRARIES = YES;
				BUNDLE_LOADER = "$(TEST_HOST)";
				DEVELOPMENT_TEAM = SHL73KQJH6;
				INFOPLIST_FILE = HerbifyTests/Info.plist;
				LD_RUNPATH_SEARCH_PATHS = "$(inherited) @executable_path/Frameworks @loader_path/Frameworks";
				PRODUCT_BUNDLE_IDENTIFIER = com.mikal.HerbifyTests;
				PRODUCT_NAME = "$(TARGET_NAME)";
				SWIFT_VERSION = 3.0;
				TEST_HOST = "$(BUILT_PRODUCTS_DIR)/Herbify.app/Herbify";
			};
			name = Release;
		};
		957379481EB265E4001F924C /* Debug */ = {
			isa = XCBuildConfiguration;
			buildSettings = {
				ALWAYS_EMBED_SWIFT_STANDARD_LIBRARIES = YES;
				DEVELOPMENT_TEAM = SHL73KQJH6;
				INFOPLIST_FILE = HerbifyUITests/Info.plist;
				LD_RUNPATH_SEARCH_PATHS = "$(inherited) @executable_path/Frameworks @loader_path/Frameworks";
				PRODUCT_BUNDLE_IDENTIFIER = com.mikal.HerbifyUITests;
				PRODUCT_NAME = "$(TARGET_NAME)";
				SWIFT_VERSION = 3.0;
				TEST_TARGET_NAME = Herbify;
			};
			name = Debug;
		};
		957379491EB265E4001F924C /* Release */ = {
			isa = XCBuildConfiguration;
			buildSettings = {
				ALWAYS_EMBED_SWIFT_STANDARD_LIBRARIES = YES;
				DEVELOPMENT_TEAM = SHL73KQJH6;
				INFOPLIST_FILE = HerbifyUITests/Info.plist;
				LD_RUNPATH_SEARCH_PATHS = "$(inherited) @executable_path/Frameworks @loader_path/Frameworks";
				PRODUCT_BUNDLE_IDENTIFIER = com.mikal.HerbifyUITests;
				PRODUCT_NAME = "$(TARGET_NAME)";
				SWIFT_VERSION = 3.0;
				TEST_TARGET_NAME = Herbify;
			};
			name = Release;
		};
/* End XCBuildConfiguration section */

/* Begin XCConfigurationList section */
		957379141EB265E4001F924C /* Build configuration list for PBXProject "Herbify" */ = {
			isa = XCConfigurationList;
			buildConfigurations = (
				9573793F1EB265E4001F924C /* Debug */,
				957379401EB265E4001F924C /* Release */,
			);
			defaultConfigurationIsVisible = 0;
			defaultConfigurationName = Release;
		};
		957379411EB265E4001F924C /* Build configuration list for PBXNativeTarget "Herbify" */ = {
			isa = XCConfigurationList;
			buildConfigurations = (
				957379421EB265E4001F924C /* Debug */,
				957379431EB265E4001F924C /* Release */,
			);
			defaultConfigurationIsVisible = 0;
			defaultConfigurationName = Release;
		};
		957379441EB265E4001F924C /* Build configuration list for PBXNativeTarget "HerbifyTests" */ = {
			isa = XCConfigurationList;
			buildConfigurations = (
				957379451EB265E4001F924C /* Debug */,
				957379461EB265E4001F924C /* Release */,
			);
			defaultConfigurationIsVisible = 0;
			defaultConfigurationName = Release;
		};
		957379471EB265E4001F924C /* Build configuration list for PBXNativeTarget "HerbifyUITests" */ = {
			isa = XCConfigurationList;
			buildConfigurations = (
				957379481EB265E4001F924C /* Debug */,
				957379491EB265E4001F924C /* Release */,
			);
			defaultConfigurationIsVisible = 0;
			defaultConfigurationName = Release;
		};
/* End XCConfigurationList section */
	};
	rootObject = 957379111EB265E4001F924C /* Project object */;
}
